
Microsoft Visual Studio Solution File, Format Version 12.00
# Visual Studio Version 17
VisualStudioVersion = 17.3.32901.215
MinimumVisualStudioVersion = 10.0.40219.1
Project("{FAE04EC0-301F-11D3-BF4B-00C04F79EFBC}") = "add", "add\add.csproj", "{44E0E9ED-6085-4D19-B4C6-DED3DBEC88D9}"
EndProject
Global
	GlobalSection(SolutionConfigurationPlatforms) = preSolution
		Debug|Any CPU = Debug|Any CPU
		Release|Any CPU = Release|Any CPU
	EndGlobalSection
	GlobalSection(ProjectConfigurationPlatforms) = postSolution
		{44E0E9ED-6085-4D19-B4C6-DED3DBEC88D9}.Debug|Any CPU.ActiveCfg = Debug|Any CPU
		{44E0E9ED-6085-4D19-B4C6-DED3DBEC88D9}.Debug|Any CPU.Build.0 = Debug|Any CPU
		{44E0E9ED-6085-4D19-B4C6-DED3DBEC88D9}.Release|Any CPU.ActiveCfg = Release|Any CPU
		{44E0E9ED-6085-4D19-B4C6-DED3DBEC88D9}.Release|Any CPU.Build.0 = Release|Any CPU
	EndGlobalSection
	GlobalSection(SolutionProperties) = preSolution
		HideSolutionNode = FALSE
	EndGlobalSection
	GlobalSection(ExtensibilityGlobals) = postSolution
		SolutionGuid = {E0BC4801-71F7-42EA-8682-6CA0845379E0}
	EndGlobalSection
EndGlobal
